
Microsoft Visual Studio Solution File, Format Version 12.00
Project("{FAE04EC0-301F-11D3-BF4B-00C04F79EFBC}") = "JusTalk.Web", "JusTalk.Web\JusTalk.Web.csproj", "{62C29E03-378C-44B8-8B5F-C1D6A4011631}"
EndProject
Project("{FAE04EC0-301F-11D3-BF4B-00C04F79EFBC}") = "JusTalk.DAL", "JusTalk.DAL\JusTalk.DAL.csproj", "{087A53CE-D7B4-4BCF-9476-A56AA748761D}"
EndProject
Project("{FAE04EC0-301F-11D3-BF4B-00C04F79EFBC}") = "JusTalk.DomainModel", "JusTalk.DomainModel\JusTalk.DomainModel.csproj", "{711742CA-38E5-431D-8F7A-2D9DAAAE92DF}"
EndProject
Global
	GlobalSection(SolutionConfigurationPlatforms) = preSolution
		Debug|Any CPU = Debug|Any CPU
		Release|Any CPU = Release|Any CPU
	EndGlobalSection
	GlobalSection(ProjectConfigurationPlatforms) = postSolution
		{62C29E03-378C-44B8-8B5F-C1D6A4011631}.Debug|Any CPU.ActiveCfg = Debug|Any CPU
		{62C29E03-378C-44B8-8B5F-C1D6A4011631}.Debug|Any CPU.Build.0 = Debug|Any CPU
		{62C29E03-378C-44B8-8B5F-C1D6A4011631}.Release|Any CPU.ActiveCfg = Release|Any CPU
		{62C29E03-378C-44B8-8B5F-C1D6A4011631}.Release|Any CPU.Build.0 = Release|Any CPU
		{087A53CE-D7B4-4BCF-9476-A56AA748761D}.Debug|Any CPU.ActiveCfg = Debug|Any CPU
		{087A53CE-D7B4-4BCF-9476-A56AA748761D}.Debug|Any CPU.Build.0 = Debug|Any CPU
		{087A53CE-D7B4-4BCF-9476-A56AA748761D}.Release|Any CPU.ActiveCfg = Release|Any CPU
		{087A53CE-D7B4-4BCF-9476-A56AA748761D}.Release|Any CPU.Build.0 = Release|Any CPU
		{711742CA-38E5-431D-8F7A-2D9DAAAE92DF}.Debug|Any CPU.ActiveCfg = Debug|Any CPU
		{711742CA-38E5-431D-8F7A-2D9DAAAE92DF}.Debug|Any CPU.Build.0 = Debug|Any CPU
		{711742CA-38E5-431D-8F7A-2D9DAAAE92DF}.Release|Any CPU.ActiveCfg = Release|Any CPU
		{711742CA-38E5-431D-8F7A-2D9DAAAE92DF}.Release|Any CPU.Build.0 = Release|Any CPU
	EndGlobalSection
EndGlobal
